
Microsoft Visual Studio Solution File, Format Version 12.00
Project("{FAE04EC0-301F-11D3-BF4B-00C04F79EFBC}") = "MorphAnalyzer", "MorphAnalyzer\MorphAnalyzer.csproj", "{FDC4A7FD-7EAB-4E7E-BC69-CD217BBAA70B}"
EndProject
Project("{FAE04EC0-301F-11D3-BF4B-00C04F79EFBC}") = "MorphAnalyzer.Tests", "MorphAnalyzer.Tests\MorphAnalyzer.Tests.csproj", "{5CE644A4-977F-4760-B3C0-5CE119EB1729}"
EndProject
Global
	GlobalSection(SolutionConfigurationPlatforms) = preSolution
		Debug|Any CPU = Debug|Any CPU
		Release|Any CPU = Release|Any CPU
	EndGlobalSection
	GlobalSection(ProjectConfigurationPlatforms) = postSolution
		{FDC4A7FD-7EAB-4E7E-BC69-CD217BBAA70B}.Debug|Any CPU.ActiveCfg = Debug|Any CPU
		{FDC4A7FD-7EAB-4E7E-BC69-CD217BBAA70B}.Debug|Any CPU.Build.0 = Debug|Any CPU
		{FDC4A7FD-7EAB-4E7E-BC69-CD217BBAA70B}.Release|Any CPU.ActiveCfg = Release|Any CPU
		{FDC4A7FD-7EAB-4E7E-BC69-CD217BBAA70B}.Release|Any CPU.Build.0 = Release|Any CPU
		{5CE644A4-977F-4760-B3C0-5CE119EB1729}.Debug|Any CPU.ActiveCfg = Debug|Any CPU
		{5CE644A4-977F-4760-B3C0-5CE119EB1729}.Debug|Any CPU.Build.0 = Debug|Any CPU
		{5CE644A4-977F-4760-B3C0-5CE119EB1729}.Release|Any CPU.ActiveCfg = Release|Any CPU
		{5CE644A4-977F-4760-B3C0-5CE119EB1729}.Release|Any CPU.Build.0 = Release|Any CPU
	EndGlobalSection
EndGlobal
